
Microsoft Visual Studio Solution File, Format Version 12.00
# Visual Studio Version 17
VisualStudioVersion = 17.14.36717.8 d17.14
MinimumVisualStudioVersion = 10.0.40219.1
Project("{FAE04EC0-301F-11D3-BF4B-00C04F79EFBC}") = "AI_Art_Gallery", "AI_Art_Gallery.csproj", "{88E70396-1C1B-440C-AE74-3A73E09C721E}"
EndProject
Global
	GlobalSection(SolutionConfigurationPlatforms) = preSolution
		Debug|Any CPU = Debug|Any CPU
		Release|Any CPU = Release|Any CPU
	EndGlobalSection
	GlobalSection(ProjectConfigurationPlatforms) = postSolution
		{88E70396-1C1B-440C-AE74-3A73E09C721E}.Debug|Any CPU.ActiveCfg = Debug|Any CPU
		{88E70396-1C1B-440C-AE74-3A73E09C721E}.Debug|Any CPU.Build.0 = Debug|Any CPU
		{88E70396-1C1B-440C-AE74-3A73E09C721E}.Release|Any CPU.ActiveCfg = Release|Any CPU
		{88E70396-1C1B-440C-AE74-3A73E09C721E}.Release|Any CPU.Build.0 = Release|Any CPU
	EndGlobalSection
	GlobalSection(SolutionProperties) = preSolution
		HideSolutionNode = FALSE
	EndGlobalSection
	GlobalSection(ExtensibilityGlobals) = postSolution
		SolutionGuid = {B747205E-5EE7-4CFA-A631-50FAF036274B}
	EndGlobalSection
EndGlobal
